
Microsoft Visual Studio Solution File, Format Version 12.00
# Visual Studio Version 17
VisualStudioVersion = 17.0.31903.59
MinimumVisualStudioVersion = 10.0.40219.1
Project("{2150E333-8FDC-42A3-9474-1A3956D46DE8}") = "src", "src", "{827E0CD3-B72D-47B6-A68D-7590B98EB39B}"
EndProject
Project("{FAE04EC0-301F-11D3-BF4B-00C04F79EFBC}") = "NexMedia.WebImageOptimiser.Desktop", "src\NexMedia.WebImageOptimiser.Desktop\NexMedia.WebImageOptimiser.Desktop.csproj", "{B4412190-C1DE-42A8-A10F-50CA0B28A047}"
EndProject
Project("{FAE04EC0-301F-11D3-BF4B-00C04F79EFBC}") = "NexMedia.WebImageOptimiser.Core", "src\NexMedia.WebImageOptimiser.Core\NexMedia.WebImageOptimiser.Core.csproj", "{C59E83F5-3204-4354-A9E0-8FBDE27C7E5E}"
EndProject
Project("{2150E333-8FDC-42A3-9474-1A3956D46DE8}") = "tests", "tests", "{0AB3BF05-4346-4AA6-1389-037BE0695223}"
EndProject
Project("{FAE04EC0-301F-11D3-BF4B-00C04F79EFBC}") = "NexMedia.WebImageOptimiser.Core.Tests", "tests\NexMedia.WebImageOptimiser.Core.Tests\NexMedia.WebImageOptimiser.Core.Tests.csproj", "{A8DA9D98-1F38-4E68-86CA-19CBC8CA4356}"
EndProject
Global
	GlobalSection(SolutionConfigurationPlatforms) = preSolution
		Debug|Any CPU = Debug|Any CPU
		Debug|x64 = Debug|x64
		Debug|x86 = Debug|x86
		Release|Any CPU = Release|Any CPU
		Release|x64 = Release|x64
		Release|x86 = Release|x86
	EndGlobalSection
	GlobalSection(ProjectConfigurationPlatforms) = postSolution
		{B4412190-C1DE-42A8-A10F-50CA0B28A047}.Debug|Any CPU.ActiveCfg = Debug|Any CPU
		{B4412190-C1DE-42A8-A10F-50CA0B28A047}.Debug|Any CPU.Build.0 = Debug|Any CPU
		{B4412190-C1DE-42A8-A10F-50CA0B28A047}.Debug|x64.ActiveCfg = Debug|Any CPU
		{B4412190-C1DE-42A8-A10F-50CA0B28A047}.Debug|x64.Build.0 = Debug|Any CPU
		{B4412190-C1DE-42A8-A10F-50CA0B28A047}.Debug|x86.ActiveCfg = Debug|Any CPU
		{B4412190-C1DE-42A8-A10F-50CA0B28A047}.Debug|x86.Build.0 = Debug|Any CPU
		{B4412190-C1DE-42A8-A10F-50CA0B28A047}.Release|Any CPU.ActiveCfg = Release|Any CPU
		{B4412190-C1DE-42A8-A10F-50CA0B28A047}.Release|Any CPU.Build.0 = Release|Any CPU
		{B4412190-C1DE-42A8-A10F-50CA0B28A047}.Release|x64.ActiveCfg = Release|Any CPU
		{B4412190-C1DE-42A8-A10F-50CA0B28A047}.Release|x64.Build.0 = Release|Any CPU
		{B4412190-C1DE-42A8-A10F-50CA0B28A047}.Release|x86.ActiveCfg = Release|Any CPU
		{B4412190-C1DE-42A8-A10F-50CA0B28A047}.Release|x86.Build.0 = Release|Any CPU
		{C59E83F5-3204-4354-A9E0-8FBDE27C7E5E}.Debug|Any CPU.ActiveCfg = Debug|Any CPU
		{C59E83F5-3204-4354-A9E0-8FBDE27C7E5E}.Debug|Any CPU.Build.0 = Debug|Any CPU
		{C59E83F5-3204-4354-A9E0-8FBDE27C7E5E}.Debug|x64.ActiveCfg = Debug|Any CPU
		{C59E83F5-3204-4354-A9E0-8FBDE27C7E5E}.Debug|x64.Build.0 = Debug|Any CPU
		{C59E83F5-3204-4354-A9E0-8FBDE27C7E5E}.Debug|x86.ActiveCfg = Debug|Any CPU
		{C59E83F5-3204-4354-A9E0-8FBDE27C7E5E}.Debug|x86.Build.0 = Debug|Any CPU
		{C59E83F5-3204-4354-A9E0-8FBDE27C7E5E}.Release|Any CPU.ActiveCfg = Release|Any CPU
		{C59E83F5-3204-4354-A9E0-8FBDE27C7E5E}.Release|Any CPU.Build.0 = Release|Any CPU
		{C59E83F5-3204-4354-A9E0-8FBDE27C7E5E}.Release|x64.ActiveCfg = Release|Any CPU
		{C59E83F5-3204-4354-A9E0-8FBDE27C7E5E}.Release|x64.Build.0 = Release|Any CPU
		{C59E83F5-3204-4354-A9E0-8FBDE27C7E5E}.Release|x86.ActiveCfg = Release|Any CPU
		{C59E83F5-3204-4354-A9E0-8FBDE27C7E5E}.Release|x86.Build.0 = Release|Any CPU
		{A8DA9D98-1F38-4E68-86CA-19CBC8CA4356}.Debug|Any CPU.ActiveCfg = Debug|Any CPU
		{A8DA9D98-1F38-4E68-86CA-19CBC8CA4356}.Debug|Any CPU.Build.0 = Debug|Any CPU
		{A8DA9D98-1F38-4E68-86CA-19CBC8CA4356}.Debug|x64.ActiveCfg = Debug|Any CPU
		{A8DA9D98-1F38-4E68-86CA-19CBC8CA4356}.Debug|x64.Build.0 = Debug|Any CPU
		{A8DA9D98-1F38-4E68-86CA-19CBC8CA4356}.Debug|x86.ActiveCfg = Debug|Any CPU
		{A8DA9D98-1F38-4E68-86CA-19CBC8CA4356}.Debug|x86.Build.0 = Debug|Any CPU
		{A8DA9D98-1F38-4E68-86CA-19CBC8CA4356}.Release|Any CPU.ActiveCfg = Release|Any CPU
		{A8DA9D98-1F38-4E68-86CA-19CBC8CA4356}.Release|Any CPU.Build.0 = Release|Any CPU
		{A8DA9D98-1F38-4E68-86CA-19CBC8CA4356}.Release|x64.ActiveCfg = Release|Any CPU
		{A8DA9D98-1F38-4E68-86CA-19CBC8CA4356}.Release|x64.Build.0 = Release|Any CPU
		{A8DA9D98-1F38-4E68-86CA-19CBC8CA4356}.Release|x86.ActiveCfg = Release|Any CPU
		{A8DA9D98-1F38-4E68-86CA-19CBC8CA4356}.Release|x86.Build.0 = Release|Any CPU
	EndGlobalSection
	GlobalSection(SolutionProperties) = preSolution
		HideSolutionNode = FALSE
	EndGlobalSection
	GlobalSection(NestedProjects) = preSolution
		{B4412190-C1DE-42A8-A10F-50CA0B28A047} = {827E0CD3-B72D-47B6-A68D-7590B98EB39B}
		{C59E83F5-3204-4354-A9E0-8FBDE27C7E5E} = {827E0CD3-B72D-47B6-A68D-7590B98EB39B}
		{A8DA9D98-1F38-4E68-86CA-19CBC8CA4356} = {0AB3BF05-4346-4AA6-1389-037BE0695223}
	EndGlobalSection
EndGlobal
