{
  "version": 1,
  "dependencies": {
    "net10.0-windows7.0": {
      "Velopack": {
        "type": "Direct",
        "requested": "[1.2.158, )",
        "resolved": "1.2.158",
        "contentHash": "wQN38beVrAf0WzFMnZtl7UmwxqwaJ7xVYypqITdOI4YUTYch2UvE+xAjg9msfaitVDtgfWeIcGsjRNQ65C03ZQ=="
      },
      "SkiaSharp": {
        "type": "Transitive",
        "resolved": "4.152.0",
        "contentHash": "TfYpxUV/Ihe5WyGeddJROZA2RhfGaSEKKNDHhREUVCVihtTlcavHQEi29Q0Mtn37AYXAf7EbC+StVPmWk63tkQ==",
        "dependencies": {
          "SkiaSharp.NativeAssets.Win32": "4.152.0",
          "SkiaSharp.NativeAssets.macOS": "4.152.0"
        }
      },
      "SkiaSharp.NativeAssets.macOS": {
        "type": "Transitive",
        "resolved": "4.152.0",
        "contentHash": "Vjx2sPleQDJXQjINxMzHaIU1KFyYAUerfBnwLAjMGSUCf0vCrSU2Y4LvCH0yAheeuu0YdlVfeSMiCKZYVJ12kA=="
      },
      "SkiaSharp.NativeAssets.Win32": {
        "type": "Transitive",
        "resolved": "4.152.0",
        "contentHash": "PfyLS6TRP/9YghtW97le8bkzootCietlt7QUqFKGjGcZ6eRjeWNNHCjvxO41O/LYpV4gCthp2xiiUiYTOqfVyA=="
      },
      "nexmedia.webimageoptimiser.core": {
        "type": "Project",
        "dependencies": {
          "SkiaSharp": "[4.152.0, )"
        }
      }
    }
  }
}